
Microsoft Visual Studio Solution File, Format Version 9.00
# Visual Studio 2005
Project("{FAE04EC0-301F-11D3-BF4B-00C04F79EFBC}") = "AppDomainTest", "AppDomain\AppDomainTest.csproj", "{C317996B-3E4E-47B5-9501-C8E2BC809EC5}"
EndProject
Project("{FAE04EC0-301F-11D3-BF4B-00C04F79EFBC}") = "ClassLibrary1", "ClassLibrary1\ClassLibrary1.csproj", "{682831C7-91E7-4A9D-9E42-4DD9267F5B61}"
EndProject
Project("{FAE04EC0-301F-11D3-BF4B-00C04F79EFBC}") = "AppDomainLoadManager", "AppDomainLoadManager\AppDomainLoadManager.csproj", "{60693A5D-1FAA-4B62-B68C-F56D2D55C442}"
EndProject
Project("{FAE04EC0-301F-11D3-BF4B-00C04F79EFBC}") = "InteropAsm", "InteropAsm\InteropAsm.csproj", "{AEEB031F-22A9-4AD9-B95D-FE3E23191F07}"
EndProject
Global
	GlobalSection(SolutionConfigurationPlatforms) = preSolution
		Debug|Any CPU = Debug|Any CPU
		Release|Any CPU = Release|Any CPU
	EndGlobalSection
	GlobalSection(ProjectConfigurationPlatforms) = postSolution
		{C317996B-3E4E-47B5-9501-C8E2BC809EC5}.Debug|Any CPU.ActiveCfg = Debug|Any CPU
		{C317996B-3E4E-47B5-9501-C8E2BC809EC5}.Debug|Any CPU.Build.0 = Debug|Any CPU
		{C317996B-3E4E-47B5-9501-C8E2BC809EC5}.Release|Any CPU.ActiveCfg = Release|Any CPU
		{C317996B-3E4E-47B5-9501-C8E2BC809EC5}.Release|Any CPU.Build.0 = Release|Any CPU
		{682831C7-91E7-4A9D-9E42-4DD9267F5B61}.Debug|Any CPU.ActiveCfg = Debug|Any CPU
		{682831C7-91E7-4A9D-9E42-4DD9267F5B61}.Debug|Any CPU.Build.0 = Debug|Any CPU
		{682831C7-91E7-4A9D-9E42-4DD9267F5B61}.Release|Any CPU.ActiveCfg = Release|Any CPU
		{682831C7-91E7-4A9D-9E42-4DD9267F5B61}.Release|Any CPU.Build.0 = Release|Any CPU
		{60693A5D-1FAA-4B62-B68C-F56D2D55C442}.Debug|Any CPU.ActiveCfg = Debug|Any CPU
		{60693A5D-1FAA-4B62-B68C-F56D2D55C442}.Debug|Any CPU.Build.0 = Debug|Any CPU
		{60693A5D-1FAA-4B62-B68C-F56D2D55C442}.Release|Any CPU.ActiveCfg = Release|Any CPU
		{60693A5D-1FAA-4B62-B68C-F56D2D55C442}.Release|Any CPU.Build.0 = Release|Any CPU
		{AEEB031F-22A9-4AD9-B95D-FE3E23191F07}.Debug|Any CPU.ActiveCfg = Debug|Any CPU
		{AEEB031F-22A9-4AD9-B95D-FE3E23191F07}.Debug|Any CPU.Build.0 = Debug|Any CPU
		{AEEB031F-22A9-4AD9-B95D-FE3E23191F07}.Release|Any CPU.ActiveCfg = Release|Any CPU
		{AEEB031F-22A9-4AD9-B95D-FE3E23191F07}.Release|Any CPU.Build.0 = Release|Any CPU
	EndGlobalSection
	GlobalSection(SolutionProperties) = preSolution
		HideSolutionNode = FALSE
	EndGlobalSection
EndGlobal
